{
  "name": "@lweller/leaflet-areaselect",
  "version": "1.2.1",
  "lockfileVersion": 1,
  "requires": true,
  "dependencies": {
    "@types/geojson": {
      "version": "7946.0.7",
      "resolved": "https://registry.npmjs.org/@types/geojson/-/geojson-7946.0.7.tgz",
      "integrity": "sha512-wE2v81i4C4Ol09RtsWFAqg3BUitWbHSpSlIo+bNdsCJijO9sjme+zm+73ZMCa/qMC8UEERxzGbvmr1cffo2SiQ=="
    },
    "@types/leaflet": {
      "version": "1.7.1",
      "resolved": "https://registry.npmjs.org/@types/leaflet/-/leaflet-1.7.1.tgz",
      "integrity": "sha512-Wi51IivrMUsBkcAc2spSnFnlJ6oMpAXC/bCUd/Jtzy/sww1A8xtsmLYj6vxnc2kgC53PyC2g4gduWv3esNxWig==",
      "requires": {
        "@types/geojson": "*"
      }
    }
  }
}
